{
  "version": 4,
  "terraform_version": "1.3.9",
  "serial": 17,
  "lineage": "267ca67b-4f09-3c61-829e-e334b71882f1",
  "outputs": {},
  "resources": [
    {
      "mode": "managed",
      "type": "linode_instance",
      "name": "terraform-dash",
      "provider": "provider[\"registry.terraform.io/linode/linode\"]",
      "instances": [
        {
          "schema_version": 0,
          "attributes": {
            "alerts": [
              {
                "cpu": 90,
                "io": 10000,
                "network_in": 10,
                "network_out": 10,
                "transfer_quota": 80
              }
            ],
            "authorized_keys": [
              "ssh-rsa AAAAB3NzaC1yc2EAAAADAQABAAABgQCoAaPAaE8a4/MUVAWhJX+YjpBQ+rGwSZjkSm1YUxpuEwwxik8VP8CBJx/jSHyK8piQjl2W/6Zx61dEmL2YZ3vVBC5btVGZQ47zjxJsbBBkmO+vA71wDRG8Ui1qhOVkTXsC3NDpMKsDL/BY5onSvbrcsArDG1gUASi6JJW5N3w7TwSQ73hzxE+0sGd06zmuP32XA6OJGLUj1ICSaVKk3sDGKDnbFMpJ3HIBJmErBopyavP1aNTWziSd/ZpJHKNyLTuCopAjz8TaEZqpokBdIc/HBfrPUtzrIg4ivhnKcLm1uX92039RpO06wu531DsFX0J+gNrnAg80KrkG/zJrfluhQBnQQnKv60Sf+DOF4+PsI/zmTIm1/sP8o7/Oq1XE2T7Fz6L1b/Qcvxkx8IGzFW7KbSxY9Q5i+wBugnNbbm39xVN2eacTZZN9GwBmS4+RMGW2izwHvdvxBmI7LX4WogT404jKHO/Rum9WNZe/r/f92SKCwzBPEKXWdB7tBST2ngc= jayson@Jaysons-MBP"
            ],
            "authorized_users": null,
            "backup_id": null,
            "backups": [
              {
                "enabled": false,
                "schedule": [
                  {
                    "day": "",
                    "window": ""
                  }
                ]
              }
            ],
            "backups_enabled": false,
            "boot_config_label": "My Ubuntu 22.04 LTS Disk Profile",
            "booted": true,
            "config": [
              {
                "comments": "",
                "devices": [
                  {
                    "sda": [
                      {
                        "disk_id": 86016058,
                        "disk_label": "Ubuntu 22.04 LTS Disk",
                        "volume_id": 0
                      }
                    ],
                    "sdb": [
                      {
                        "disk_id": 86016059,
                        "disk_label": "512 MB Swap Image",
                        "volume_id": 0
                      }
                    ],
                    "sdc": [],
                    "sdd": [],
                    "sde": [],
                    "sdf": [],
                    "sdg": [],
                    "sdh": []
                  }
                ],
                "helpers": [
                  {
                    "devtmpfs_automount": true,
                    "distro": true,
                    "modules_dep": true,
                    "network": true,
                    "updatedb_disabled": true
                  }
                ],
                "interface": [],
                "kernel": "linode/grub2",
                "label": "My Ubuntu 22.04 LTS Disk Profile",
                "memory_limit": 0,
                "root_device": "/dev/sda",
                "run_level": "default",
                "virt_mode": "paravirt"
              }
            ],
            "disk": [
              {
                "authorized_keys": [],
                "authorized_users": [],
                "filesystem": "ext4",
                "id": 86016058,
                "image": "",
                "label": "Ubuntu 22.04 LTS Disk",
                "read_only": false,
                "root_pass": "",
                "size": 25088,
                "stackscript_data": {},
                "stackscript_id": 0
              },
              {
                "authorized_keys": [],
                "authorized_users": [],
                "filesystem": "swap",
                "id": 86016059,
                "image": "",
                "label": "512 MB Swap Image",
                "read_only": false,
                "root_pass": "",
                "size": 512,
                "stackscript_data": {},
                "stackscript_id": 0
              }
            ],
            "group": "HNS-frontend",
            "id": "43044789",
            "image": "linode/ubuntu22.04",
            "interface": [],
            "ip_address": "45.79.180.9",
            "ipv4": [
              "45.79.180.9"
            ],
            "ipv6": "2600:3c03::f03c:93ff:fee6:1df1/128",
            "label": "dash-us-east",
            "private_ip": false,
            "private_ip_address": null,
            "region": "us-east",
            "resize_disk": false,
            "root_pass": "gfBHZuOrGnOxOeqtgXAaarCrhoYR2qWD15+SK8uTLgrBx1bJ1Qov7NIuawBL1rx22ye5K64HZwykD0BxRa1PgA==",
            "specs": [
              {
                "disk": 25600,
                "memory": 1024,
                "transfer": 1000,
                "vcpus": 1
              }
            ],
            "stackscript_data": null,
            "stackscript_id": null,
            "status": "running",
            "swap_size": 512,
            "tags": null,
            "timeouts": null,
            "type": "g6-nanode-1",
            "watchdog_enabled": true
          },
          "sensitive_attributes": [],
          "private": "eyJlMmJmYjczMC1lY2FhLTExZTYtOGY4OC0zNDM2M2JjN2M0YzAiOnsiY3JlYXRlIjo2MDAwMDAwMDAwMDAsImRlbGV0ZSI6NjAwMDAwMDAwMDAwLCJ1cGRhdGUiOjEyMDAwMDAwMDAwMDB9fQ=="
        }
      ]
    },
    {
      "mode": "managed",
      "type": "linode_instance",
      "name": "terraform-ns1",
      "provider": "provider[\"registry.terraform.io/linode/linode\"]",
      "instances": [
        {
          "schema_version": 0,
          "attributes": {
            "alerts": [
              {
                "cpu": 90,
                "io": 10000,
                "network_in": 10,
                "network_out": 10,
                "transfer_quota": 80
              }
            ],
            "authorized_keys": [
              "ssh-rsa AAAAB3NzaC1yc2EAAAADAQABAAABgQCoAaPAaE8a4/MUVAWhJX+YjpBQ+rGwSZjkSm1YUxpuEwwxik8VP8CBJx/jSHyK8piQjl2W/6Zx61dEmL2YZ3vVBC5btVGZQ47zjxJsbBBkmO+vA71wDRG8Ui1qhOVkTXsC3NDpMKsDL/BY5onSvbrcsArDG1gUASi6JJW5N3w7TwSQ73hzxE+0sGd06zmuP32XA6OJGLUj1ICSaVKk3sDGKDnbFMpJ3HIBJmErBopyavP1aNTWziSd/ZpJHKNyLTuCopAjz8TaEZqpokBdIc/HBfrPUtzrIg4ivhnKcLm1uX92039RpO06wu531DsFX0J+gNrnAg80KrkG/zJrfluhQBnQQnKv60Sf+DOF4+PsI/zmTIm1/sP8o7/Oq1XE2T7Fz6L1b/Qcvxkx8IGzFW7KbSxY9Q5i+wBugnNbbm39xVN2eacTZZN9GwBmS4+RMGW2izwHvdvxBmI7LX4WogT404jKHO/Rum9WNZe/r/f92SKCwzBPEKXWdB7tBST2ngc= jayson@Jaysons-MBP"
            ],
            "authorized_users": null,
            "backup_id": null,
            "backups": [
              {
                "enabled": false,
                "schedule": [
                  {
                    "day": "",
                    "window": ""
                  }
                ]
              }
            ],
            "backups_enabled": false,
            "boot_config_label": "My Ubuntu 22.04 LTS Disk Profile",
            "booted": true,
            "config": [
              {
                "comments": "",
                "devices": [
                  {
                    "sda": [
                      {
                        "disk_id": 86016054,
                        "disk_label": "Ubuntu 22.04 LTS Disk",
                        "volume_id": 0
                      }
                    ],
                    "sdb": [
                      {
                        "disk_id": 86016055,
                        "disk_label": "512 MB Swap Image",
                        "volume_id": 0
                      }
                    ],
                    "sdc": [],
                    "sdd": [],
                    "sde": [],
                    "sdf": [],
                    "sdg": [],
                    "sdh": []
                  }
                ],
                "helpers": [
                  {
                    "devtmpfs_automount": true,
                    "distro": true,
                    "modules_dep": true,
                    "network": true,
                    "updatedb_disabled": true
                  }
                ],
                "interface": [],
                "kernel": "linode/grub2",
                "label": "My Ubuntu 22.04 LTS Disk Profile",
                "memory_limit": 0,
                "root_device": "/dev/sda",
                "run_level": "default",
                "virt_mode": "paravirt"
              }
            ],
            "disk": [
              {
                "authorized_keys": [],
                "authorized_users": [],
                "filesystem": "ext4",
                "id": 86016054,
                "image": "",
                "label": "Ubuntu 22.04 LTS Disk",
                "read_only": false,
                "root_pass": "",
                "size": 25088,
                "stackscript_data": {},
                "stackscript_id": 0
              },
              {
                "authorized_keys": [],
                "authorized_users": [],
                "filesystem": "swap",
                "id": 86016055,
                "image": "",
                "label": "512 MB Swap Image",
                "read_only": false,
                "root_pass": "",
                "size": 512,
                "stackscript_data": {},
                "stackscript_id": 0
              }
            ],
            "group": "HNS-backend",
            "id": "43044787",
            "image": "linode/ubuntu22.04",
            "interface": [],
            "ip_address": "45.56.100.223",
            "ipv4": [
              "45.56.100.223"
            ],
            "ipv6": "2600:3c03::f03c:93ff:fee6:1d24/128",
            "label": "ns1-us-east",
            "private_ip": false,
            "private_ip_address": null,
            "region": "us-east",
            "resize_disk": false,
            "root_pass": "gfBHZuOrGnOxOeqtgXAaarCrhoYR2qWD15+SK8uTLgrBx1bJ1Qov7NIuawBL1rx22ye5K64HZwykD0BxRa1PgA==",
            "specs": [
              {
                "disk": 25600,
                "memory": 1024,
                "transfer": 1000,
                "vcpus": 1
              }
            ],
            "stackscript_data": null,
            "stackscript_id": null,
            "status": "running",
            "swap_size": 512,
            "tags": null,
            "timeouts": null,
            "type": "g6-nanode-1",
            "watchdog_enabled": true
          },
          "sensitive_attributes": [],
          "private": "eyJlMmJmYjczMC1lY2FhLTExZTYtOGY4OC0zNDM2M2JjN2M0YzAiOnsiY3JlYXRlIjo2MDAwMDAwMDAwMDAsImRlbGV0ZSI6NjAwMDAwMDAwMDAwLCJ1cGRhdGUiOjEyMDAwMDAwMDAwMDB9fQ=="
        }
      ]
    },
    {
      "mode": "managed",
      "type": "linode_instance",
      "name": "terraform-ns2",
      "provider": "provider[\"registry.terraform.io/linode/linode\"]",
      "instances": [
        {
          "schema_version": 0,
          "attributes": {
            "alerts": [
              {
                "cpu": 90,
                "io": 10000,
                "network_in": 10,
                "network_out": 10,
                "transfer_quota": 80
              }
            ],
            "authorized_keys": [
              "ssh-rsa AAAAB3NzaC1yc2EAAAADAQABAAABgQCoAaPAaE8a4/MUVAWhJX+YjpBQ+rGwSZjkSm1YUxpuEwwxik8VP8CBJx/jSHyK8piQjl2W/6Zx61dEmL2YZ3vVBC5btVGZQ47zjxJsbBBkmO+vA71wDRG8Ui1qhOVkTXsC3NDpMKsDL/BY5onSvbrcsArDG1gUASi6JJW5N3w7TwSQ73hzxE+0sGd06zmuP32XA6OJGLUj1ICSaVKk3sDGKDnbFMpJ3HIBJmErBopyavP1aNTWziSd/ZpJHKNyLTuCopAjz8TaEZqpokBdIc/HBfrPUtzrIg4ivhnKcLm1uX92039RpO06wu531DsFX0J+gNrnAg80KrkG/zJrfluhQBnQQnKv60Sf+DOF4+PsI/zmTIm1/sP8o7/Oq1XE2T7Fz6L1b/Qcvxkx8IGzFW7KbSxY9Q5i+wBugnNbbm39xVN2eacTZZN9GwBmS4+RMGW2izwHvdvxBmI7LX4WogT404jKHO/Rum9WNZe/r/f92SKCwzBPEKXWdB7tBST2ngc= jayson@Jaysons-MBP"
            ],
            "authorized_users": null,
            "backup_id": null,
            "backups": [
              {
                "enabled": false,
                "schedule": [
                  {
                    "day": "",
                    "window": ""
                  }
                ]
              }
            ],
            "backups_enabled": false,
            "boot_config_label": "My Ubuntu 22.04 LTS Disk Profile",
            "booted": true,
            "config": [
              {
                "comments": "",
                "devices": [
                  {
                    "sda": [
                      {
                        "disk_id": 86016056,
                        "disk_label": "Ubuntu 22.04 LTS Disk",
                        "volume_id": 0
                      }
                    ],
                    "sdb": [
                      {
                        "disk_id": 86016057,
                        "disk_label": "512 MB Swap Image",
                        "volume_id": 0
                      }
                    ],
                    "sdc": [],
                    "sdd": [],
                    "sde": [],
                    "sdf": [],
                    "sdg": [],
                    "sdh": []
                  }
                ],
                "helpers": [
                  {
                    "devtmpfs_automount": true,
                    "distro": true,
                    "modules_dep": true,
                    "network": true,
                    "updatedb_disabled": true
                  }
                ],
                "interface": [],
                "kernel": "linode/grub2",
                "label": "My Ubuntu 22.04 LTS Disk Profile",
                "memory_limit": 0,
                "root_device": "/dev/sda",
                "run_level": "default",
                "virt_mode": "paravirt"
              }
            ],
            "disk": [
              {
                "authorized_keys": [],
                "authorized_users": [],
                "filesystem": "ext4",
                "id": 86016056,
                "image": "",
                "label": "Ubuntu 22.04 LTS Disk",
                "read_only": false,
                "root_pass": "",
                "size": 25088,
                "stackscript_data": {},
                "stackscript_id": 0
              },
              {
                "authorized_keys": [],
                "authorized_users": [],
                "filesystem": "swap",
                "id": 86016057,
                "image": "",
                "label": "512 MB Swap Image",
                "read_only": false,
                "root_pass": "",
                "size": 512,
                "stackscript_data": {},
                "stackscript_id": 0
              }
            ],
            "group": "HNS-backend",
            "id": "43044788",
            "image": "linode/ubuntu22.04",
            "interface": [],
            "ip_address": "104.237.136.170",
            "ipv4": [
              "104.237.136.170"
            ],
            "ipv6": "2600:3c00::f03c:93ff:fee6:1d39/128",
            "label": "ns2-us-central",
            "private_ip": false,
            "private_ip_address": null,
            "region": "us-central",
            "resize_disk": false,
            "root_pass": "gfBHZuOrGnOxOeqtgXAaarCrhoYR2qWD15+SK8uTLgrBx1bJ1Qov7NIuawBL1rx22ye5K64HZwykD0BxRa1PgA==",
            "specs": [
              {
                "disk": 25600,
                "memory": 1024,
                "transfer": 1000,
                "vcpus": 1
              }
            ],
            "stackscript_data": null,
            "stackscript_id": null,
            "status": "running",
            "swap_size": 512,
            "tags": null,
            "timeouts": null,
            "type": "g6-nanode-1",
            "watchdog_enabled": true
          },
          "sensitive_attributes": [],
          "private": "eyJlMmJmYjczMC1lY2FhLTExZTYtOGY4OC0zNDM2M2JjN2M0YzAiOnsiY3JlYXRlIjo2MDAwMDAwMDAwMDAsImRlbGV0ZSI6NjAwMDAwMDAwMDAwLCJ1cGRhdGUiOjEyMDAwMDAwMDAwMDB9fQ=="
        }
      ]
    }
  ],
  "check_results": null
}
